
Microsoft Visual Studio Solution File, Format Version 12.00
# Visual Studio Version 17
VisualStudioVersion = 17.13.35806.99 d17.13
MinimumVisualStudioVersion = 10.0.40219.1
Project("{FAE04EC0-301F-11D3-BF4B-00C04F79EFBC}") = "Coffee_MVC", "Coffee_MVC\Coffee_MVC.csproj", "{0E9FE006-7FF2-42D7-A021-2DA950B13074}"
EndProject
Global
	GlobalSection(SolutionConfigurationPlatforms) = preSolution
		Debug|Any CPU = Debug|Any CPU
		Release|Any CPU = Release|Any CPU
	EndGlobalSection
	GlobalSection(ProjectConfigurationPlatforms) = postSolution
		{0E9FE006-7FF2-42D7-A021-2DA950B13074}.Debug|Any CPU.ActiveCfg = Debug|Any CPU
		{0E9FE006-7FF2-42D7-A021-2DA950B13074}.Debug|Any CPU.Build.0 = Debug|Any CPU
		{0E9FE006-7FF2-42D7-A021-2DA950B13074}.Release|Any CPU.ActiveCfg = Release|Any CPU
		{0E9FE006-7FF2-42D7-A021-2DA950B13074}.Release|Any CPU.Build.0 = Release|Any CPU
	EndGlobalSection
	GlobalSection(SolutionProperties) = preSolution
		HideSolutionNode = FALSE
	EndGlobalSection
	GlobalSection(ExtensibilityGlobals) = postSolution
		SolutionGuid = {7C214CEC-69FE-4E75-9A73-0203711FB545}
	EndGlobalSection
EndGlobal
